
Microsoft Visual Studio Solution File, Format Version 12.00
# Visual Studio Version 17
VisualStudioVersion = 17.2.32630.192
MinimumVisualStudioVersion = 10.0.40219.1
Project("{FAE04EC0-301F-11D3-BF4B-00C04F79EFBC}") = "PackageDemo", "PackageDemo.csproj", "{AE3E5685-79ED-4265-A1AD-B0055A0E7C6B}"
EndProject
Global
	GlobalSection(SolutionConfigurationPlatforms) = preSolution
		Debug|Any CPU = Debug|Any CPU
		Release|Any CPU = Release|Any CPU
	EndGlobalSection
	GlobalSection(ProjectConfigurationPlatforms) = postSolution
		{AE3E5685-79ED-4265-A1AD-B0055A0E7C6B}.Debug|Any CPU.ActiveCfg = Debug|Any CPU
		{AE3E5685-79ED-4265-A1AD-B0055A0E7C6B}.Debug|Any CPU.Build.0 = Debug|Any CPU
		{AE3E5685-79ED-4265-A1AD-B0055A0E7C6B}.Release|Any CPU.ActiveCfg = Release|Any CPU
		{AE3E5685-79ED-4265-A1AD-B0055A0E7C6B}.Release|Any CPU.Build.0 = Release|Any CPU
	EndGlobalSection
	GlobalSection(SolutionProperties) = preSolution
		HideSolutionNode = FALSE
	EndGlobalSection
	GlobalSection(ExtensibilityGlobals) = postSolution
		SolutionGuid = {44F1EE92-82D2-4507-A1B8-CE45CD447B67}
	EndGlobalSection
EndGlobal
